
Microsoft Visual Studio Solution File, Format Version 12.00
# Visual Studio 15
VisualStudioVersion = 15.0.28010.2050
MinimumVisualStudioVersion = 10.0.40219.1
Project("{8BC9CEB8-8B4A-11D0-8D11-00A0C91BC942}") = "FVEDIO", "FVEDIOLib\FVEDIO.vcxproj", "{ED4B6633-6EDF-4E21-92A1-6E2F1EF7AFD6}"
EndProject
Project("{8BC9CEB8-8B4A-11D0-8D11-00A0C91BC942}") = "CLV", "CLVLib\CLV.vcxproj", "{2630B5C2-B3B9-4913-BA7F-28B06BA931DF}"
EndProject
Project("{8BC9CEB8-8B4A-11D0-8D11-00A0C91BC942}") = "Test", "Test\Test.vcxproj", "{A965798A-F3A0-4B1B-8FDB-5782CC66A683}"
	ProjectSection(ProjectDependencies) = postProject
		{ED4B6633-6EDF-4E21-92A1-6E2F1EF7AFD6} = {ED4B6633-6EDF-4E21-92A1-6E2F1EF7AFD6}
		{2630B5C2-B3B9-4913-BA7F-28B06BA931DF} = {2630B5C2-B3B9-4913-BA7F-28B06BA931DF}
	EndProjectSection
EndProject
Global
	GlobalSection(SolutionConfigurationPlatforms) = preSolution
		Debug|x64 = Debug|x64
		Debug|x86 = Debug|x86
		Release|x64 = Release|x64
		Release|x86 = Release|x86
	EndGlobalSection
	GlobalSection(ProjectConfigurationPlatforms) = postSolution
		{ED4B6633-6EDF-4E21-92A1-6E2F1EF7AFD6}.Debug|x64.ActiveCfg = Debug|x64
		{ED4B6633-6EDF-4E21-92A1-6E2F1EF7AFD6}.Debug|x64.Build.0 = Debug|x64
		{ED4B6633-6EDF-4E21-92A1-6E2F1EF7AFD6}.Debug|x86.ActiveCfg = Debug|Win32
		{ED4B6633-6EDF-4E21-92A1-6E2F1EF7AFD6}.Debug|x86.Build.0 = Debug|Win32
		{ED4B6633-6EDF-4E21-92A1-6E2F1EF7AFD6}.Release|x64.ActiveCfg = Release|x64
		{ED4B6633-6EDF-4E21-92A1-6E2F1EF7AFD6}.Release|x64.Build.0 = Release|x64
		{ED4B6633-6EDF-4E21-92A1-6E2F1EF7AFD6}.Release|x86.ActiveCfg = Release|Win32
		{ED4B6633-6EDF-4E21-92A1-6E2F1EF7AFD6}.Release|x86.Build.0 = Release|Win32
		{2630B5C2-B3B9-4913-BA7F-28B06BA931DF}.Debug|x64.ActiveCfg = Debug|x64
		{2630B5C2-B3B9-4913-BA7F-28B06BA931DF}.Debug|x64.Build.0 = Debug|x64
		{2630B5C2-B3B9-4913-BA7F-28B06BA931DF}.Debug|x86.ActiveCfg = Debug|Win32
		{2630B5C2-B3B9-4913-BA7F-28B06BA931DF}.Debug|x86.Build.0 = Debug|Win32
		{2630B5C2-B3B9-4913-BA7F-28B06BA931DF}.Release|x64.ActiveCfg = Release|x64
		{2630B5C2-B3B9-4913-BA7F-28B06BA931DF}.Release|x64.Build.0 = Release|x64
		{2630B5C2-B3B9-4913-BA7F-28B06BA931DF}.Release|x86.ActiveCfg = Release|Win32
		{2630B5C2-B3B9-4913-BA7F-28B06BA931DF}.Release|x86.Build.0 = Release|Win32
		{A965798A-F3A0-4B1B-8FDB-5782CC66A683}.Debug|x64.ActiveCfg = Debug|x64
		{A965798A-F3A0-4B1B-8FDB-5782CC66A683}.Debug|x64.Build.0 = Debug|x64
		{A965798A-F3A0-4B1B-8FDB-5782CC66A683}.Debug|x86.ActiveCfg = Debug|Win32
		{A965798A-F3A0-4B1B-8FDB-5782CC66A683}.Debug|x86.Build.0 = Debug|Win32
		{A965798A-F3A0-4B1B-8FDB-5782CC66A683}.Release|x64.ActiveCfg = Release|x64
		{A965798A-F3A0-4B1B-8FDB-5782CC66A683}.Release|x64.Build.0 = Release|x64
		{A965798A-F3A0-4B1B-8FDB-5782CC66A683}.Release|x86.ActiveCfg = Release|Win32
		{A965798A-F3A0-4B1B-8FDB-5782CC66A683}.Release|x86.Build.0 = Release|Win32
	EndGlobalSection
	GlobalSection(SolutionProperties) = preSolution
		HideSolutionNode = FALSE
	EndGlobalSection
	GlobalSection(ExtensibilityGlobals) = postSolution
		SolutionGuid = {BB926503-3B0A-4E54-AD2A-40521FD7D308}
	EndGlobalSection
EndGlobal
